// !$*UTF8*$!
{
	archiveVersion = 1;
	classes = {
	};
	objectVersion = 50;
	objects = {

/* Begin PBXBuildFile section */
		521957B021771F200073ECBE /* AppDelegate.swift in Sources */ = {isa = PBXBuildFile; fileRef = 521957AF21771F200073ECBE /* AppDelegate.swift */; };
		521957B221771F200073ECBE /* ViewController.swift in Sources */ = {isa = PBXBuildFile; fileRef = 521957B121771F200073ECBE /* ViewController.swift */; };
		521957B521771F200073ECBE /* Main.storyboard in Resources */ = {isa = PBXBuildFile; fileRef = 521957B321771F200073ECBE /* Main.storyboard */; };
		521957B721771F220073ECBE /* Assets.xcassets in Resources */ = {isa = PBXBuildFile; fileRef = 521957B621771F220073ECBE /* Assets.xcassets */; };
		521957BA21771F220073ECBE /* LaunchScreen.storyboard in Resources */ = {isa = PBXBuildFile; fileRef = 521957B821771F220073ECBE /* LaunchScreen.storyboard */; };
		521957C521771F220073ECBE /* ObjectDetectionWithCoreMLTests.swift in Sources */ = {isa = PBXBuildFile; fileRef = 521957C421771F220073ECBE /* ObjectDetectionWithCoreMLTests.swift */; };
		521957D1217720A40073ECBE /* MobileNet.mlmodel in Sources */ = {isa = PBXBuildFile; fileRef = 521957D0217720A40073ECBE /* MobileNet.mlmodel */; };
		521957D3217730890073ECBE /* MobileNetModelTests.swift in Sources */ = {isa = PBXBuildFile; fileRef = 521957D2217730890073ECBE /* MobileNetModelTests.swift */; };
		521957DA217734720073ECBE /* dog_1.png in Resources */ = {isa = PBXBuildFile; fileRef = 521957D5217734720073ECBE /* dog_1.png */; };
		521957DB217734720073ECBE /* dog_0.png in Resources */ = {isa = PBXBuildFile; fileRef = 521957D6217734720073ECBE /* dog_0.png */; };
		521957DC217734720073ECBE /* dog_2.png in Resources */ = {isa = PBXBuildFile; fileRef = 521957D7217734720073ECBE /* dog_2.png */; };
		521957DD217734720073ECBE /* dog_3.png in Resources */ = {isa = PBXBuildFile; fileRef = 521957D8217734720073ECBE /* dog_3.png */; };
		521957DE217734720073ECBE /* dog_4.png in Resources */ = {isa = PBXBuildFile; fileRef = 521957D9217734720073ECBE /* dog_4.png */; };
		529DAB112177371E0094176C /* ImageProcessor.swift in Sources */ = {isa = PBXBuildFile; fileRef = 529DAB102177371E0094176C /* ImageProcessor.swift */; };
/* End PBXBuildFile section */

/* Begin PBXContainerItemProxy section */
		521957C121771F220073ECBE /* PBXContainerItemProxy */ = {
			isa = PBXContainerItemProxy;
			containerPortal = 521957A421771F200073ECBE /* Project object */;
			proxyType = 1;
			remoteGlobalIDString = 521957AB21771F200073ECBE;
			remoteInfo = ObjectDetectionWithCoreML;
		};
/* End PBXContainerItemProxy section */

/* Begin PBXFileReference section */
		521957AC21771F200073ECBE /* ObjectDetectionWithCoreML.app */ = {isa = PBXFileReference; explicitFileType = wrapper.application; includeInIndex = 0; path = ObjectDetectionWithCoreML.app; sourceTree = BUILT_PRODUCTS_DIR; };
		521957AF21771F200073ECBE /* AppDelegate.swift */ = {isa = PBXFileReference; lastKnownFileType = sourcecode.swift; path = AppDelegate.swift; sourceTree = "<group>"; };
		521957B121771F200073ECBE /* ViewController.swift */ = {isa = PBXFileReference; indentWidth = 2; lastKnownFileType = sourcecode.swift; path = ViewController.swift; sourceTree = "<group>"; tabWidth = 2; };
		521957B421771F200073ECBE /* Base */ = {isa = PBXFileReference; lastKnownFileType = file.storyboard; name = Base; path = Base.lproj/Main.storyboard; sourceTree = "<group>"; };
		521957B621771F220073ECBE /* Assets.xcassets */ = {isa = PBXFileReference; lastKnownFileType = folder.assetcatalog; path = Assets.xcassets; sourceTree = "<group>"; };
		521957B921771F220073ECBE /* Base */ = {isa = PBXFileReference; lastKnownFileType = file.storyboard; name = Base; path = Base.lproj/LaunchScreen.storyboard; sourceTree = "<group>"; };
		521957BB21771F220073ECBE /* Info.plist */ = {isa = PBXFileReference; lastKnownFileType = text.plist.xml; path = Info.plist; sourceTree = "<group>"; };
		521957C021771F220073ECBE /* ObjectDetectionWithCoreMLTests.xctest */ = {isa = PBXFileReference; explicitFileType = wrapper.cfbundle; includeInIndex = 0; path = ObjectDetectionWithCoreMLTests.xctest; sourceTree = BUILT_PRODUCTS_DIR; };
		521957C421771F220073ECBE /* ObjectDetectionWithCoreMLTests.swift */ = {isa = PBXFileReference; lastKnownFileType = sourcecode.swift; path = ObjectDetectionWithCoreMLTests.swift; sourceTree = "<group>"; };
		521957C621771F220073ECBE /* Info.plist */ = {isa = PBXFileReference; lastKnownFileType = text.plist.xml; path = Info.plist; sourceTree = "<group>"; };
		521957D0217720A40073ECBE /* MobileNet.mlmodel */ = {isa = PBXFileReference; lastKnownFileType = file.mlmodel; path = MobileNet.mlmodel; sourceTree = "<group>"; };
		521957D2217730890073ECBE /* MobileNetModelTests.swift */ = {isa = PBXFileReference; lastKnownFileType = sourcecode.swift; path = MobileNetModelTests.swift; sourceTree = "<group>"; };
		521957D5217734720073ECBE /* dog_1.png */ = {isa = PBXFileReference; lastKnownFileType = image.png; path = dog_1.png; sourceTree = "<group>"; };
		521957D6217734720073ECBE /* dog_0.png */ = {isa = PBXFileReference; lastKnownFileType = image.png; path = dog_0.png; sourceTree = "<group>"; };
		521957D7217734720073ECBE /* dog_2.png */ = {isa = PBXFileReference; lastKnownFileType = image.png; path = dog_2.png; sourceTree = "<group>"; };
		521957D8217734720073ECBE /* dog_3.png */ = {isa = PBXFileReference; lastKnownFileType = image.png; path = dog_3.png; sourceTree = "<group>"; };
		521957D9217734720073ECBE /* dog_4.png */ = {isa = PBXFileReference; lastKnownFileType = image.png; path = dog_4.png; sourceTree = "<group>"; };
		529DAB102177371E0094176C /* ImageProcessor.swift */ = {isa = PBXFileReference; fileEncoding = 4; lastKnownFileType = sourcecode.swift; path = ImageProcessor.swift; sourceTree = "<group>"; };
/* End PBXFileReference section */

/* Begin PBXFrameworksBuildPhase section */
		521957A921771F200073ECBE /* Frameworks */ = {
			isa = PBXFrameworksBuildPhase;
			buildActionMask = 2147483647;
			files = (
			);
			runOnlyForDeploymentPostprocessing = 0;
		};
		521957BD21771F220073ECBE /* Frameworks */ = {
			isa = PBXFrameworksBuildPhase;
			buildActionMask = 2147483647;
			files = (
			);
			runOnlyForDeploymentPostprocessing = 0;
		};
/* End PBXFrameworksBuildPhase section */

/* Begin PBXGroup section */
		521957A321771F200073ECBE = {
			isa = PBXGroup;
			children = (
				521957AE21771F200073ECBE /* ObjectDetectionWithCoreML */,
				521957C321771F220073ECBE /* ObjectDetectionWithCoreMLTests */,
				521957AD21771F200073ECBE /* Products */,
			);
			sourceTree = "<group>";
		};
		521957AD21771F200073ECBE /* Products */ = {
			isa = PBXGroup;
			children = (
				521957AC21771F200073ECBE /* ObjectDetectionWithCoreML.app */,
				521957C021771F220073ECBE /* ObjectDetectionWithCoreMLTests.xctest */,
			);
			name = Products;
			sourceTree = "<group>";
		};
		521957AE21771F200073ECBE /* ObjectDetectionWithCoreML */ = {
			isa = PBXGroup;
			children = (
				529DAB102177371E0094176C /* ImageProcessor.swift */,
				521957CF217720920073ECBE /* CoreMLModel */,
				521957AF21771F200073ECBE /* AppDelegate.swift */,
				521957B121771F200073ECBE /* ViewController.swift */,
				521957B321771F200073ECBE /* Main.storyboard */,
				521957B621771F220073ECBE /* Assets.xcassets */,
				521957B821771F220073ECBE /* LaunchScreen.storyboard */,
				521957BB21771F220073ECBE /* Info.plist */,
			);
			path = ObjectDetectionWithCoreML;
			sourceTree = "<group>";
		};
		521957C321771F220073ECBE /* ObjectDetectionWithCoreMLTests */ = {
			isa = PBXGroup;
			children = (
				521957D4217734630073ECBE /* Dog */,
				521957C421771F220073ECBE /* ObjectDetectionWithCoreMLTests.swift */,
				521957C621771F220073ECBE /* Info.plist */,
				521957D2217730890073ECBE /* MobileNetModelTests.swift */,
			);
			path = ObjectDetectionWithCoreMLTests;
			sourceTree = "<group>";
		};
		521957CF217720920073ECBE /* CoreMLModel */ = {
			isa = PBXGroup;
			children = (
				521957D0217720A40073ECBE /* MobileNet.mlmodel */,
			);
			path = CoreMLModel;
			sourceTree = "<group>";
		};
		521957D4217734630073ECBE /* Dog */ = {
			isa = PBXGroup;
			children = (
				521957D6217734720073ECBE /* dog_0.png */,
				521957D5217734720073ECBE /* dog_1.png */,
				521957D7217734720073ECBE /* dog_2.png */,
				521957D8217734720073ECBE /* dog_3.png */,
				521957D9217734720073ECBE /* dog_4.png */,
			);
			path = Dog;
			sourceTree = "<group>";
		};
/* End PBXGroup section */

/* Begin PBXNativeTarget section */
		521957AB21771F200073ECBE /* ObjectDetectionWithCoreML */ = {
			isa = PBXNativeTarget;
			buildConfigurationList = 521957C921771F230073ECBE /* Build configuration list for PBXNativeTarget "ObjectDetectionWithCoreML" */;
			buildPhases = (
				521957A821771F200073ECBE /* Sources */,
				521957A921771F200073ECBE /* Frameworks */,
				521957AA21771F200073ECBE /* Resources */,
			);
			buildRules = (
			);
			dependencies = (
			);
			name = ObjectDetectionWithCoreML;
			productName = ObjectDetectionWithCoreML;
			productReference = 521957AC21771F200073ECBE /* ObjectDetectionWithCoreML.app */;
			productType = "com.apple.product-type.application";
		};
		521957BF21771F220073ECBE /* ObjectDetectionWithCoreMLTests */ = {
			isa = PBXNativeTarget;
			buildConfigurationList = 521957CC21771F230073ECBE /* Build configuration list for PBXNativeTarget "ObjectDetectionWithCoreMLTests" */;
			buildPhases = (
				521957BC21771F220073ECBE /* Sources */,
				521957BD21771F220073ECBE /* Frameworks */,
				521957BE21771F220073ECBE /* Resources */,
			);
			buildRules = (
			);
			dependencies = (
				521957C221771F220073ECBE /* PBXTargetDependency */,
			);
			name = ObjectDetectionWithCoreMLTests;
			productName = ObjectDetectionWithCoreMLTests;
			productReference = 521957C021771F220073ECBE /* ObjectDetectionWithCoreMLTests.xctest */;
			productType = "com.apple.product-type.bundle.unit-test";
		};
/* End PBXNativeTarget section */

/* Begin PBXProject section */
		521957A421771F200073ECBE /* Project object */ = {
			isa = PBXProject;
			attributes = {
				LastSwiftUpdateCheck = 1000;
				LastUpgradeCheck = 1000;
				ORGANIZATIONNAME = mowede;
				TargetAttributes = {
					521957AB21771F200073ECBE = {
						CreatedOnToolsVersion = 10.0;
					};
					521957BF21771F220073ECBE = {
						CreatedOnToolsVersion = 10.0;
						TestTargetID = 521957AB21771F200073ECBE;
					};
				};
			};
			buildConfigurationList = 521957A721771F200073ECBE /* Build configuration list for PBXProject "ObjectDetectionWithCoreML" */;
			compatibilityVersion = "Xcode 9.3";
			developmentRegion = en;
			hasScannedForEncodings = 0;
			knownRegions = (
				en,
				Base,
			);
			mainGroup = 521957A321771F200073ECBE;
			productRefGroup = 521957AD21771F200073ECBE /* Products */;
			projectDirPath = "";
			projectRoot = "";
			targets = (
				521957AB21771F200073ECBE /* ObjectDetectionWithCoreML */,
				521957BF21771F220073ECBE /* ObjectDetectionWithCoreMLTests */,
			);
		};
/* End PBXProject section */

/* Begin PBXResourcesBuildPhase section */
		521957AA21771F200073ECBE /* Resources */ = {
			isa = PBXResourcesBuildPhase;
			buildActionMask = 2147483647;
			files = (
				521957BA21771F220073ECBE /* LaunchScreen.storyboard in Resources */,
				521957B721771F220073ECBE /* Assets.xcassets in Resources */,
				521957B521771F200073ECBE /* Main.storyboard in Resources */,
			);
			runOnlyForDeploymentPostprocessing = 0;
		};
		521957BE21771F220073ECBE /* Resources */ = {
			isa = PBXResourcesBuildPhase;
			buildActionMask = 2147483647;
			files = (
				521957DD217734720073ECBE /* dog_3.png in Resources */,
				521957DA217734720073ECBE /* dog_1.png in Resources */,
				521957DC217734720073ECBE /* dog_2.png in Resources */,
				521957DE217734720073ECBE /* dog_4.png in Resources */,
				521957DB217734720073ECBE /* dog_0.png in Resources */,
			);
			runOnlyForDeploymentPostprocessing = 0;
		};
/* End PBXResourcesBuildPhase section */

/* Begin PBXSourcesBuildPhase section */
		521957A821771F200073ECBE /* Sources */ = {
			isa = PBXSourcesBuildPhase;
			buildActionMask = 2147483647;
			files = (
				521957B221771F200073ECBE /* ViewController.swift in Sources */,
				521957B021771F200073ECBE /* AppDelegate.swift in Sources */,
				529DAB112177371E0094176C /* ImageProcessor.swift in Sources */,
				521957D1217720A40073ECBE /* MobileNet.mlmodel in Sources */,
			);
			runOnlyForDeploymentPostprocessing = 0;
		};
		521957BC21771F220073ECBE /* Sources */ = {
			isa = PBXSourcesBuildPhase;
			buildActionMask = 2147483647;
			files = (
				521957C521771F220073ECBE /* ObjectDetectionWithCoreMLTests.swift in Sources */,
				521957D3217730890073ECBE /* MobileNetModelTests.swift in Sources */,
			);
			runOnlyForDeploymentPostprocessing = 0;
		};
/* End PBXSourcesBuildPhase section */

/* Begin PBXTargetDependency section */
		521957C221771F220073ECBE /* PBXTargetDependency */ = {
			isa = PBXTargetDependency;
			target = 521957AB21771F200073ECBE /* ObjectDetectionWithCoreML */;
			targetProxy = 521957C121771F220073ECBE /* PBXContainerItemProxy */;
		};
/* End PBXTargetDependency section */

/* Begin PBXVariantGroup section */
		521957B321771F200073ECBE /* Main.storyboard */ = {
			isa = PBXVariantGroup;
			children = (
				521957B421771F200073ECBE /* Base */,
			);
			name = Main.storyboard;
			sourceTree = "<group>";
		};
		521957B821771F220073ECBE /* LaunchScreen.storyboard */ = {
			isa = PBXVariantGroup;
			children = (
				521957B921771F220073ECBE /* Base */,
			);
			name = LaunchScreen.storyboard;
			sourceTree = "<group>";
		};
/* End PBXVariantGroup section */

/* Begin XCBuildConfiguration section */
		521957C721771F230073ECBE /* Debug */ = {
			isa = XCBuildConfiguration;
			buildSettings = {
				ALWAYS_SEARCH_USER_PATHS = NO;
				CLANG_ANALYZER_NONNULL = YES;
				CLANG_ANALYZER_NUMBER_OBJECT_CONVERSION = YES_AGGRESSIVE;
				CLANG_CXX_LANGUAGE_STANDARD = "gnu++14";
				CLANG_CXX_LIBRARY = "libc++";
				CLANG_ENABLE_MODULES = YES;
				CLANG_ENABLE_OBJC_ARC = YES;
				CLANG_ENABLE_OBJC_WEAK = YES;
				CLANG_WARN_BLOCK_CAPTURE_AUTORELEASING = YES;
				CLANG_WARN_BOOL_CONVERSION = YES;
				CLANG_WARN_COMMA = YES;
				CLANG_WARN_CONSTANT_CONVERSION = YES;
				CLANG_WARN_DEPRECATED_OBJC_IMPLEMENTATIONS = YES;
				CLANG_WARN_DIRECT_OBJC_ISA_USAGE = YES_ERROR;
				CLANG_WARN_DOCUMENTATION_COMMENTS = YES;
				CLANG_WARN_EMPTY_BODY = YES;
				CLANG_WARN_ENUM_CONVERSION = YES;
				CLANG_WARN_INFINITE_RECURSION = YES;
				CLANG_WARN_INT_CONVERSION = YES;
				CLANG_WARN_NON_LITERAL_NULL_CONVERSION = YES;
				CLANG_WARN_OBJC_IMPLICIT_RETAIN_SELF = YES;
				CLANG_WARN_OBJC_LITERAL_CONVERSION = YES;
				CLANG_WARN_OBJC_ROOT_CLASS = YES_ERROR;
				CLANG_WARN_RANGE_LOOP_ANALYSIS = YES;
				CLANG_WARN_STRICT_PROTOTYPES = YES;
				CLANG_WARN_SUSPICIOUS_MOVE = YES;
				CLANG_WARN_UNGUARDED_AVAILABILITY = YES_AGGRESSIVE;
				CLANG_WARN_UNREACHABLE_CODE = YES;
				CLANG_WARN__DUPLICATE_METHOD_MATCH = YES;
				CODE_SIGN_IDENTITY = "iPhone Developer";
				COPY_PHASE_STRIP = NO;
				DEBUG_INFORMATION_FORMAT = dwarf;
				ENABLE_STRICT_OBJC_MSGSEND = YES;
				ENABLE_TESTABILITY = YES;
				GCC_C_LANGUAGE_STANDARD = gnu11;
				GCC_DYNAMIC_NO_PIC = NO;
				GCC_NO_COMMON_BLOCKS = YES;
				GCC_OPTIMIZATION_LEVEL = 0;
				GCC_PREPROCESSOR_DEFINITIONS = (
					"DEBUG=1",
					"$(inherited)",
				);
				GCC_WARN_64_TO_32_BIT_CONVERSION = YES;
				GCC_WARN_ABOUT_RETURN_TYPE = YES_ERROR;
				GCC_WARN_UNDECLARED_SELECTOR = YES;
				GCC_WARN_UNINITIALIZED_AUTOS = YES_AGGRESSIVE;
				GCC_WARN_UNUSED_FUNCTION = YES;
				GCC_WARN_UNUSED_VARIABLE = YES;
				IPHONEOS_DEPLOYMENT_TARGET = 12.0;
				MTL_ENABLE_DEBUG_INFO = INCLUDE_SOURCE;
				MTL_FAST_MATH = YES;
				ONLY_ACTIVE_ARCH = YES;
				SDKROOT = iphoneos;
				SWIFT_ACTIVE_COMPILATION_CONDITIONS = DEBUG;
				SWIFT_OPTIMIZATION_LEVEL = "-Onone";
			};
			name = Debug;
		};
		521957C821771F230073ECBE /* Release */ = {
			isa = XCBuildConfiguration;
			buildSettings = {
				ALWAYS_SEARCH_USER_PATHS = NO;
				CLANG_ANALYZER_NONNULL = YES;
				CLANG_ANALYZER_NUMBER_OBJECT_CONVERSION = YES_AGGRESSIVE;
				CLANG_CXX_LANGUAGE_STANDARD = "gnu++14";
				CLANG_CXX_LIBRARY = "libc++";
				CLANG_ENABLE_MODULES = YES;
				CLANG_ENABLE_OBJC_ARC = YES;
				CLANG_ENABLE_OBJC_WEAK = YES;
				CLANG_WARN_BLOCK_CAPTURE_AUTORELEASING = YES;
				CLANG_WARN_BOOL_CONVERSION = YES;
				CLANG_WARN_COMMA = YES;
				CLANG_WARN_CONSTANT_CONVERSION = YES;
				CLANG_WARN_DEPRECATED_OBJC_IMPLEMENTATIONS = YES;
				CLANG_WARN_DIRECT_OBJC_ISA_USAGE = YES_ERROR;
				CLANG_WARN_DOCUMENTATION_COMMENTS = YES;
				CLANG_WARN_EMPTY_BODY = YES;
				CLANG_WARN_ENUM_CONVERSION = YES;
				CLANG_WARN_INFINITE_RECURSION = YES;
				CLANG_WARN_INT_CONVERSION = YES;
				CLANG_WARN_NON_LITERAL_NULL_CONVERSION = YES;
				CLANG_WARN_OBJC_IMPLICIT_RETAIN_SELF = YES;
				CLANG_WARN_OBJC_LITERAL_CONVERSION = YES;
				CLANG_WARN_OBJC_ROOT_CLASS = YES_ERROR;
				CLANG_WARN_RANGE_LOOP_ANALYSIS = YES;
				CLANG_WARN_STRICT_PROTOTYPES = YES;
				CLANG_WARN_SUSPICIOUS_MOVE = YES;
				CLANG_WARN_UNGUARDED_AVAILABILITY = YES_AGGRESSIVE;
				CLANG_WARN_UNREACHABLE_CODE = YES;
				CLANG_WARN__DUPLICATE_METHOD_MATCH = YES;
				CODE_SIGN_IDENTITY = "iPhone Developer";
				COPY_PHASE_STRIP = NO;
				DEBUG_INFORMATION_FORMAT = "dwarf-with-dsym";
				ENABLE_NS_ASSERTIONS = NO;
				ENABLE_STRICT_OBJC_MSGSEND = YES;
				GCC_C_LANGUAGE_STANDARD = gnu11;
				GCC_NO_COMMON_BLOCKS = YES;
				GCC_WARN_64_TO_32_BIT_CONVERSION = YES;
				GCC_WARN_ABOUT_RETURN_TYPE = YES_ERROR;
				GCC_WARN_UNDECLARED_SELECTOR = YES;
				GCC_WARN_UNINITIALIZED_AUTOS = YES_AGGRESSIVE;
				GCC_WARN_UNUSED_FUNCTION = YES;
				GCC_WARN_UNUSED_VARIABLE = YES;
				IPHONEOS_DEPLOYMENT_TARGET = 12.0;
				MTL_ENABLE_DEBUG_INFO = NO;
				MTL_FAST_MATH = YES;
				SDKROOT = iphoneos;
				SWIFT_COMPILATION_MODE = wholemodule;
				SWIFT_OPTIMIZATION_LEVEL = "-O";
				VALIDATE_PRODUCT = YES;
			};
			name = Release;
		};
		521957CA21771F230073ECBE /* Debug */ = {
			isa = XCBuildConfiguration;
			buildSettings = {
				ASSETCATALOG_COMPILER_APPICON_NAME = AppIcon;
				CODE_SIGN_STYLE = Automatic;
				INFOPLIST_FILE = ObjectDetectionWithCoreML/Info.plist;
				IPHONEOS_DEPLOYMENT_TARGET = 11.0;
				LD_RUNPATH_SEARCH_PATHS = (
					"$(inherited)",
					"@executable_path/Frameworks",
				);
				PRODUCT_BUNDLE_IDENTIFIER = com.mowede.ObjectDetectionWithCoreML;
				PRODUCT_NAME = "$(TARGET_NAME)";
				SWIFT_VERSION = 4.2;
				TARGETED_DEVICE_FAMILY = "1,2";
			};
			name = Debug;
		};
		521957CB21771F230073ECBE /* Release */ = {
			isa = XCBuildConfiguration;
			buildSettings = {
				ASSETCATALOG_COMPILER_APPICON_NAME = AppIcon;
				CODE_SIGN_STYLE = Automatic;
				INFOPLIST_FILE = ObjectDetectionWithCoreML/Info.plist;
				IPHONEOS_DEPLOYMENT_TARGET = 11.0;
				LD_RUNPATH_SEARCH_PATHS = (
					"$(inherited)",
					"@executable_path/Frameworks",
				);
				PRODUCT_BUNDLE_IDENTIFIER = com.mowede.ObjectDetectionWithCoreML;
				PRODUCT_NAME = "$(TARGET_NAME)";
				SWIFT_VERSION = 4.2;
				TARGETED_DEVICE_FAMILY = "1,2";
			};
			name = Release;
		};
		521957CD21771F230073ECBE /* Debug */ = {
			isa = XCBuildConfiguration;
			buildSettings = {
				ALWAYS_EMBED_SWIFT_STANDARD_LIBRARIES = YES;
				BUNDLE_LOADER = "$(TEST_HOST)";
				CODE_SIGN_STYLE = Automatic;
				INFOPLIST_FILE = ObjectDetectionWithCoreMLTests/Info.plist;
				LD_RUNPATH_SEARCH_PATHS = (
					"$(inherited)",
					"@executable_path/Frameworks",
					"@loader_path/Frameworks",
				);
				PRODUCT_BUNDLE_IDENTIFIER = com.mowede.ObjectDetectionWithCoreMLTests;
				PRODUCT_NAME = "$(TARGET_NAME)";
				SWIFT_VERSION = 4.2;
				TARGETED_DEVICE_FAMILY = "1,2";
				TEST_HOST = "$(BUILT_PRODUCTS_DIR)/ObjectDetectionWithCoreML.app/ObjectDetectionWithCoreML";
			};
			name = Debug;
		};
		521957CE21771F230073ECBE /* Release */ = {
			isa = XCBuildConfiguration;
			buildSettings = {
				ALWAYS_EMBED_SWIFT_STANDARD_LIBRARIES = YES;
				BUNDLE_LOADER = "$(TEST_HOST)";
				CODE_SIGN_STYLE = Automatic;
				INFOPLIST_FILE = ObjectDetectionWithCoreMLTests/Info.plist;
				LD_RUNPATH_SEARCH_PATHS = (
					"$(inherited)",
					"@executable_path/Frameworks",
					"@loader_path/Frameworks",
				);
				PRODUCT_BUNDLE_IDENTIFIER = com.mowede.ObjectDetectionWithCoreMLTests;
				PRODUCT_NAME = "$(TARGET_NAME)";
				SWIFT_VERSION = 4.2;
				TARGETED_DEVICE_FAMILY = "1,2";
				TEST_HOST = "$(BUILT_PRODUCTS_DIR)/ObjectDetectionWithCoreML.app/ObjectDetectionWithCoreML";
			};
			name = Release;
		};
/* End XCBuildConfiguration section */

/* Begin XCConfigurationList section */
		521957A721771F200073ECBE /* Build configuration list for PBXProject "ObjectDetectionWithCoreML" */ = {
			isa = XCConfigurationList;
			buildConfigurations = (
				521957C721771F230073ECBE /* Debug */,
				521957C821771F230073ECBE /* Release */,
			);
			defaultConfigurationIsVisible = 0;
			defaultConfigurationName = Release;
		};
		521957C921771F230073ECBE /* Build configuration list for PBXNativeTarget "ObjectDetectionWithCoreML" */ = {
			isa = XCConfigurationList;
			buildConfigurations = (
				521957CA21771F230073ECBE /* Debug */,
				521957CB21771F230073ECBE /* Release */,
			);
			defaultConfigurationIsVisible = 0;
			defaultConfigurationName = Release;
		};
		521957CC21771F230073ECBE /* Build configuration list for PBXNativeTarget "ObjectDetectionWithCoreMLTests" */ = {
			isa = XCConfigurationList;
			buildConfigurations = (
				521957CD21771F230073ECBE /* Debug */,
				521957CE21771F230073ECBE /* Release */,
			);
			defaultConfigurationIsVisible = 0;
			defaultConfigurationName = Release;
		};
/* End XCConfigurationList section */
	};
	rootObject = 521957A421771F200073ECBE /* Project object */;
}
